{
  "originHash" : "d47e1c1d3e93ec62e8bde781367d8189942aaf789da1bf8ea20f6f4a39fb1f01",
  "pins" : [
    {
      "identity" : "tree-sitter-pageflow",
      "kind" : "remoteSourceControl",
      "location" : "https://github.com/Vsevolond/tree-sitter-pageflow.git",
      "state" : {
        "revision" : "e56dd86b20da6a1b624f0ce3537b2a8c0fb728b5",
        "version" : "0.2.2"
      }
    }
  ],
  "version" : 3
}
