{
  "originHash" : "d47e1c1d3e93ec62e8bde781367d8189942aaf789da1bf8ea20f6f4a39fb1f01",
  "pins" : [
    {
      "identity" : "tree-sitter-pageflow",
      "kind" : "remoteSourceControl",
      "location" : "https://github.com/Vsevolond/tree-sitter-pageflow.git",
      "state" : {
        "revision" : "24dc118a09b54efba115273e1f530bdc3da1422b",
        "version" : "0.1.3"
      }
    }
  ],
  "version" : 3
}
