{
  "originHash" : "d47e1c1d3e93ec62e8bde781367d8189942aaf789da1bf8ea20f6f4a39fb1f01",
  "pins" : [
    {
      "identity" : "tree-sitter-pageflow",
      "kind" : "remoteSourceControl",
      "location" : "https://github.com/Vsevolond/tree-sitter-pageflow.git",
      "state" : {
        "revision" : "0bb1ddc9e177e5fa9556cfaafa1f9a5e517fa472",
        "version" : "0.1.7"
      }
    }
  ],
  "version" : 3
}
